
Microsoft Visual Studio Solution File, Format Version 12.00
# Visual Studio Version 17
VisualStudioVersion = 17.13.35825.156 d17.13
MinimumVisualStudioVersion = 10.0.40219.1
Project("{FAE04EC0-301F-11D3-BF4B-00C04F79EFBC}") = "Contenedores", "Contenedores.csproj", "{F325BD35-5218-4231-8125-71963472E0C2}"
EndProject
Global
	GlobalSection(SolutionConfigurationPlatforms) = preSolution
		Debug|Any CPU = Debug|Any CPU
		Release|Any CPU = Release|Any CPU
	EndGlobalSection
	GlobalSection(ProjectConfigurationPlatforms) = postSolution
		{F325BD35-5218-4231-8125-71963472E0C2}.Debug|Any CPU.ActiveCfg = Debug|Any CPU
		{F325BD35-5218-4231-8125-71963472E0C2}.Debug|Any CPU.Build.0 = Debug|Any CPU
		{F325BD35-5218-4231-8125-71963472E0C2}.Release|Any CPU.ActiveCfg = Release|Any CPU
		{F325BD35-5218-4231-8125-71963472E0C2}.Release|Any CPU.Build.0 = Release|Any CPU
	EndGlobalSection
	GlobalSection(SolutionProperties) = preSolution
		HideSolutionNode = FALSE
	EndGlobalSection
	GlobalSection(ExtensibilityGlobals) = postSolution
		SolutionGuid = {C737DEC3-CE4A-47C3-AA6C-2ABFF086A235}
	EndGlobalSection
EndGlobal
