
Microsoft Visual Studio Solution File, Format Version 12.00
# Visual Studio Version 16
VisualStudioVersion = 25.0.1706.14
MinimumVisualStudioVersion = 10.0.40219.1
Project("{FAE04EC0-301F-11D3-BF4B-00C04F79EFBC}") = "estadistica", "estadistica\estadistica.csproj", "{E89E3072-4620-4145-AC0C-E5D95CA813B3}"
EndProject
Project("{2150E333-8FDC-42A3-9474-1A3956D46DE8}") = "Solution Items", "Solution Items", "{F39FCC0B-6381-4159-B073-AD8E0AB15214}"
	ProjectSection(SolutionItems) = preProject
		jdfgj.txt = jdfgj.txt
	EndProjectSection
EndProject
Global
	GlobalSection(SolutionConfigurationPlatforms) = preSolution
		Debug|Any CPU = Debug|Any CPU
		Release|Any CPU = Release|Any CPU
	EndGlobalSection
	GlobalSection(ProjectConfigurationPlatforms) = postSolution
		{E89E3072-4620-4145-AC0C-E5D95CA813B3}.Debug|Any CPU.ActiveCfg = Debug|Any CPU
		{E89E3072-4620-4145-AC0C-E5D95CA813B3}.Debug|Any CPU.Build.0 = Debug|Any CPU
		{E89E3072-4620-4145-AC0C-E5D95CA813B3}.Release|Any CPU.ActiveCfg = Release|Any CPU
		{E89E3072-4620-4145-AC0C-E5D95CA813B3}.Release|Any CPU.Build.0 = Release|Any CPU
	EndGlobalSection
	GlobalSection(SolutionProperties) = preSolution
		HideSolutionNode = FALSE
	EndGlobalSection
	GlobalSection(ExtensibilityGlobals) = postSolution
		SolutionGuid = {9E3806B6-3D93-4493-9095-BCD6F388B50A}
	EndGlobalSection
EndGlobal
